
Microsoft Visual Studio Solution File, Format Version 12.00
# Visual Studio Version 17
VisualStudioVersion = 17.5.33627.172
MinimumVisualStudioVersion = 10.0.40219.1
Project("{FAE04EC0-301F-11D3-BF4B-00C04F79EFBC}") = "MyCoreAppJacj", "MyCoreAppJacj.csproj", "{1343521B-1C5C-4B01-9FC1-54CF9D73D455}"
EndProject
Global
	GlobalSection(SolutionConfigurationPlatforms) = preSolution
		Debug|Any CPU = Debug|Any CPU
		Release|Any CPU = Release|Any CPU
	EndGlobalSection
	GlobalSection(ProjectConfigurationPlatforms) = postSolution
		{1343521B-1C5C-4B01-9FC1-54CF9D73D455}.Debug|Any CPU.ActiveCfg = Debug|Any CPU
		{1343521B-1C5C-4B01-9FC1-54CF9D73D455}.Debug|Any CPU.Build.0 = Debug|Any CPU
		{1343521B-1C5C-4B01-9FC1-54CF9D73D455}.Release|Any CPU.ActiveCfg = Release|Any CPU
		{1343521B-1C5C-4B01-9FC1-54CF9D73D455}.Release|Any CPU.Build.0 = Release|Any CPU
	EndGlobalSection
	GlobalSection(SolutionProperties) = preSolution
		HideSolutionNode = FALSE
	EndGlobalSection
	GlobalSection(ExtensibilityGlobals) = postSolution
		SolutionGuid = {EC980D8D-149E-4B2C-9B0A-09B6F3D5F873}
	EndGlobalSection
EndGlobal
